
Microsoft Visual Studio Solution File, Format Version 12.00
# Visual Studio 2012
Project("{FAE04EC0-301F-11D3-BF4B-00C04F79EFBC}") = "RestaurantBilling.Core", "RestaurantBilling.Core\RestaurantBilling.Core.csproj", "{FCDDA720-438E-41CC-8EEB-4F3209654DD4}"
EndProject
Project("{FAE04EC0-301F-11D3-BF4B-00C04F79EFBC}") = "RestaurantBilling.UI.Droid", "RestaurantBilling.UI.Droid\RestaurantBilling.UI.Droid.csproj", "{36151D6F-A3C5-48EC-A38A-5A0C83726484}"
EndProject
Project("{FAE04EC0-301F-11D3-BF4B-00C04F79EFBC}") = "RestaurantBilling.UI.iOS", "RestaurantBilling.UI.iOS\RestaurantBilling.UI.iOS.csproj", "{A091594C-DF0B-47A7-AD3E-0AF23AD3D2A6}"
EndProject
Global
	GlobalSection(SolutionConfigurationPlatforms) = preSolution
		Debug|Any CPU = Debug|Any CPU
		Release|Any CPU = Release|Any CPU
		Debug|iPhoneSimulator = Debug|iPhoneSimulator
		Release|iPhone = Release|iPhone
		Release|iPhoneSimulator = Release|iPhoneSimulator
		Debug|iPhone = Debug|iPhone
	EndGlobalSection
	GlobalSection(ProjectConfigurationPlatforms) = postSolution
		{FCDDA720-438E-41CC-8EEB-4F3209654DD4}.Debug|Any CPU.ActiveCfg = Debug|Any CPU
		{FCDDA720-438E-41CC-8EEB-4F3209654DD4}.Debug|Any CPU.Build.0 = Debug|Any CPU
		{FCDDA720-438E-41CC-8EEB-4F3209654DD4}.Release|Any CPU.ActiveCfg = Release|Any CPU
		{FCDDA720-438E-41CC-8EEB-4F3209654DD4}.Release|Any CPU.Build.0 = Release|Any CPU
		{FCDDA720-438E-41CC-8EEB-4F3209654DD4}.Debug|iPhoneSimulator.ActiveCfg = Debug|Any CPU
		{FCDDA720-438E-41CC-8EEB-4F3209654DD4}.Debug|iPhoneSimulator.Build.0 = Debug|Any CPU
		{FCDDA720-438E-41CC-8EEB-4F3209654DD4}.Release|iPhone.ActiveCfg = Release|Any CPU
		{FCDDA720-438E-41CC-8EEB-4F3209654DD4}.Release|iPhone.Build.0 = Release|Any CPU
		{FCDDA720-438E-41CC-8EEB-4F3209654DD4}.Release|iPhoneSimulator.ActiveCfg = Release|Any CPU
		{FCDDA720-438E-41CC-8EEB-4F3209654DD4}.Release|iPhoneSimulator.Build.0 = Release|Any CPU
		{FCDDA720-438E-41CC-8EEB-4F3209654DD4}.Debug|iPhone.ActiveCfg = Debug|Any CPU
		{FCDDA720-438E-41CC-8EEB-4F3209654DD4}.Debug|iPhone.Build.0 = Debug|Any CPU
		{36151D6F-A3C5-48EC-A38A-5A0C83726484}.Debug|Any CPU.ActiveCfg = Debug|Any CPU
		{36151D6F-A3C5-48EC-A38A-5A0C83726484}.Debug|Any CPU.Build.0 = Debug|Any CPU
		{36151D6F-A3C5-48EC-A38A-5A0C83726484}.Release|Any CPU.ActiveCfg = Release|Any CPU
		{36151D6F-A3C5-48EC-A38A-5A0C83726484}.Release|Any CPU.Build.0 = Release|Any CPU
		{36151D6F-A3C5-48EC-A38A-5A0C83726484}.Debug|iPhoneSimulator.ActiveCfg = Debug|Any CPU
		{36151D6F-A3C5-48EC-A38A-5A0C83726484}.Debug|iPhoneSimulator.Build.0 = Debug|Any CPU
		{36151D6F-A3C5-48EC-A38A-5A0C83726484}.Release|iPhone.ActiveCfg = Release|Any CPU
		{36151D6F-A3C5-48EC-A38A-5A0C83726484}.Release|iPhone.Build.0 = Release|Any CPU
		{36151D6F-A3C5-48EC-A38A-5A0C83726484}.Release|iPhoneSimulator.ActiveCfg = Release|Any CPU
		{36151D6F-A3C5-48EC-A38A-5A0C83726484}.Release|iPhoneSimulator.Build.0 = Release|Any CPU
		{36151D6F-A3C5-48EC-A38A-5A0C83726484}.Debug|iPhone.ActiveCfg = Debug|Any CPU
		{36151D6F-A3C5-48EC-A38A-5A0C83726484}.Debug|iPhone.Build.0 = Debug|Any CPU
		{A091594C-DF0B-47A7-AD3E-0AF23AD3D2A6}.Debug|Any CPU.ActiveCfg = Debug|iPhoneSimulator
		{A091594C-DF0B-47A7-AD3E-0AF23AD3D2A6}.Debug|Any CPU.Build.0 = Debug|iPhoneSimulator
		{A091594C-DF0B-47A7-AD3E-0AF23AD3D2A6}.Release|Any CPU.ActiveCfg = Release|iPhone
		{A091594C-DF0B-47A7-AD3E-0AF23AD3D2A6}.Release|Any CPU.Build.0 = Release|iPhone
		{A091594C-DF0B-47A7-AD3E-0AF23AD3D2A6}.Debug|iPhoneSimulator.ActiveCfg = Debug|iPhoneSimulator
		{A091594C-DF0B-47A7-AD3E-0AF23AD3D2A6}.Debug|iPhoneSimulator.Build.0 = Debug|iPhoneSimulator
		{A091594C-DF0B-47A7-AD3E-0AF23AD3D2A6}.Release|iPhone.ActiveCfg = Release|iPhone
		{A091594C-DF0B-47A7-AD3E-0AF23AD3D2A6}.Release|iPhone.Build.0 = Release|iPhone
		{A091594C-DF0B-47A7-AD3E-0AF23AD3D2A6}.Release|iPhoneSimulator.ActiveCfg = Release|iPhoneSimulator
		{A091594C-DF0B-47A7-AD3E-0AF23AD3D2A6}.Release|iPhoneSimulator.Build.0 = Release|iPhoneSimulator
		{A091594C-DF0B-47A7-AD3E-0AF23AD3D2A6}.Debug|iPhone.ActiveCfg = Debug|iPhone
		{A091594C-DF0B-47A7-AD3E-0AF23AD3D2A6}.Debug|iPhone.Build.0 = Debug|iPhone
	EndGlobalSection
EndGlobal
